github.com/HouzuoGuo/tiedot v0.0.0-20200330175510-6fb216206052 h1:JEzTqzN0IU5IePlaj/FbedlgANL92UCCMjEY8WkFyGA=
github.com/HouzuoGuo/tiedot v0.0.0-20200330175510-6fb216206052/go.mod h1:J2FcoVwTshOscfh8D4LCCVRoHJJQTeCAEkeRSVGnLQs=
github.com/dustin/go-coap v0.0.0-20190908170653-752e0f79981e h1:oppjHFVTardH+VyOD32F9uBtgT5Wd/qVqEGcwj389Lc=
github.com/dustin/go-coap v0.0.0-20190908170653-752e0f79981e/go.mod h1:as2rZ2aojRzZF8bGx1bPAn1yi9ICG6LwkiPOj6PBtjc=
